
Microsoft Visual Studio Solution File, Format Version 12.00
# Visual Studio 15
VisualStudioVersion = 15.0.28307.271
MinimumVisualStudioVersion = 10.0.40219.1
Project("{F2A71F9B-5D33-465A-A702-920D77279786}") = "fsharp_pbt", "fsharp_pbt\fsharp_pbt.fsproj", "{90AE634A-030B-48DF-9985-1BC684C84EDE}"
EndProject
Global
	GlobalSection(SolutionConfigurationPlatforms) = preSolution
		Debug|Any CPU = Debug|Any CPU
		Release|Any CPU = Release|Any CPU
	EndGlobalSection
	GlobalSection(ProjectConfigurationPlatforms) = postSolution
		{90AE634A-030B-48DF-9985-1BC684C84EDE}.Debug|Any CPU.ActiveCfg = Debug|Any CPU
		{90AE634A-030B-48DF-9985-1BC684C84EDE}.Debug|Any CPU.Build.0 = Debug|Any CPU
		{90AE634A-030B-48DF-9985-1BC684C84EDE}.Release|Any CPU.ActiveCfg = Release|Any CPU
		{90AE634A-030B-48DF-9985-1BC684C84EDE}.Release|Any CPU.Build.0 = Release|Any CPU
	EndGlobalSection
	GlobalSection(SolutionProperties) = preSolution
		HideSolutionNode = FALSE
	EndGlobalSection
	GlobalSection(ExtensibilityGlobals) = postSolution
		SolutionGuid = {A4C20993-16CB-42A5-AB96-53FF154ECF2B}
	EndGlobalSection
EndGlobal
